// !$*UTF8*$!
{
	archiveVersion = 1;
	classes = {
	};
	objectVersion = 56;
	objects = {

/* Begin PBXBuildFile section */
		AB28738D2C4E94D900BA9BCE /* AppDelegate.swift in Sources */ = {isa = PBXBuildFile; fileRef = AB28738C2C4E94D900BA9BCE /* AppDelegate.swift */; };
		AB28738F2C4E94D900BA9BCE /* SceneDelegate.swift in Sources */ = {isa = PBXBuildFile; fileRef = AB28738E2C4E94D900BA9BCE /* SceneDelegate.swift */; };
		AB2873912C4E94D900BA9BCE /* ViewController.swift in Sources */ = {isa = PBXBuildFile; fileRef = AB2873902C4E94D900BA9BCE /* ViewController.swift */; };
		AB2873972C4E94D900BA9BCE /* ShoppingApp.xcdatamodeld in Sources */ = {isa = PBXBuildFile; fileRef = AB2873952C4E94D900BA9BCE /* ShoppingApp.xcdatamodeld */; };
		AB28739C2C4E94DA00BA9BCE /* Base in Resources */ = {isa = PBXBuildFile; fileRef = AB28739B2C4E94DA00BA9BCE /* Base */; };
		AB2873A72C4E94DA00BA9BCE /* ShoppingAppTests.swift in Sources */ = {isa = PBXBuildFile; fileRef = AB2873A62C4E94DA00BA9BCE /* ShoppingAppTests.swift */; };
		AB2873B12C4E94DA00BA9BCE /* ShoppingAppUITests.swift in Sources */ = {isa = PBXBuildFile; fileRef = AB2873B02C4E94DA00BA9BCE /* ShoppingAppUITests.swift */; };
		AB2873B32C4E94DA00BA9BCE /* ShoppingAppUITestsLaunchTests.swift in Sources */ = {isa = PBXBuildFile; fileRef = AB2873B22C4E94DA00BA9BCE /* ShoppingAppUITestsLaunchTests.swift */; };
		AB2873FB2C4EA79400BA9BCE /* GoogleService-Info.plist in Resources */ = {isa = PBXBuildFile; fileRef = AB2873FA2C4EA79400BA9BCE /* GoogleService-Info.plist */; };
		AB43159E2C4FAE8A00A7A855 /* SignIn in Frameworks */ = {isa = PBXBuildFile; productRef = AB43159D2C4FAE8A00A7A855 /* SignIn */; };
		AB4315B82C4FB3D900A7A855 /* AppResources in Resources */ = {isa = PBXBuildFile; fileRef = AB4315B72C4FB3D900A7A855 /* AppResources */; };
		AB4315BA2C4FB3E300A7A855 /* Base in Resources */ = {isa = PBXBuildFile; fileRef = AB4315B92C4FB3E300A7A855 /* Base */; };
		AB4315BC2C4FB3EE00A7A855 /* Common in Resources */ = {isa = PBXBuildFile; fileRef = AB4315BB2C4FB3EE00A7A855 /* Common */; };
		AB4315BE2C4FB3FE00A7A855 /* SignIn in Resources */ = {isa = PBXBuildFile; fileRef = AB4315BD2C4FB3FE00A7A855 /* SignIn */; };
		AB4315C52C4FD0C000A7A855 /* Common in Frameworks */ = {isa = PBXBuildFile; productRef = AB4315C42C4FD0C000A7A855 /* Common */; };
		AB4D114C2C52728C0074CFCC /* Onboarding in Resources */ = {isa = PBXBuildFile; fileRef = AB4D114B2C52728C0074CFCC /* Onboarding */; };
		AB7399752C60B7C400D4B7E5 /* Categories in Resources */ = {isa = PBXBuildFile; fileRef = AB7399742C60B7C400D4B7E5 /* Categories */; };
		AB7470E32C62082E002A69C3 /* ProductList in Resources */ = {isa = PBXBuildFile; fileRef = AB7470E22C62082E002A69C3 /* ProductList */; };
		AB950A222C50DAA00045EEDC /* TabBar in Resources */ = {isa = PBXBuildFile; fileRef = AB950A212C50DAA00045EEDC /* TabBar */; };
		AB950A242C50E7090045EEDC /* TabBar in Frameworks */ = {isa = PBXBuildFile; productRef = AB950A232C50E7090045EEDC /* TabBar */; };
		ABA33F9E2C5B644600C519FB /* Network in Resources */ = {isa = PBXBuildFile; fileRef = ABA33F9D2C5B644600C519FB /* Network */; };
		ABA33FA02C5B6A2300C519FB /* Network in Frameworks */ = {isa = PBXBuildFile; productRef = ABA33F9F2C5B6A2300C519FB /* Network */; };
		ABA33FA22C5B6BA000C519FB /* Base in Frameworks */ = {isa = PBXBuildFile; productRef = ABA33FA12C5B6BA000C519FB /* Base */; };
		ABA33FA62C5B70EB00C519FB /* UIApplication+Extensions.swift in Sources */ = {isa = PBXBuildFile; fileRef = ABA33FA52C5B70EB00C519FB /* UIApplication+Extensions.swift */; };
		ABA33FA92C5B786200C519FB /* UIWindow+Extensions.swift in Sources */ = {isa = PBXBuildFile; fileRef = ABA33FA82C5B786200C519FB /* UIWindow+Extensions.swift */; };
		ABA33FAB2C5BBB6300C519FB /* Home in Resources */ = {isa = PBXBuildFile; fileRef = ABA33FAA2C5BBB6300C519FB /* Home */; };
		ABA5629B2C5229A700C7B1A9 /* Splash in Resources */ = {isa = PBXBuildFile; fileRef = ABA5629A2C5229A700C7B1A9 /* Splash */; };
		ABA5629D2C52348800C7B1A9 /* Splash in Frameworks */ = {isa = PBXBuildFile; productRef = ABA5629C2C52348800C7B1A9 /* Splash */; };
		ABAB518F2C73C6850087E60D /* Campaigns in Resources */ = {isa = PBXBuildFile; fileRef = ABAB518E2C73C6850087E60D /* Campaigns */; };
		ABB791212C6F3F70008DD8A1 /* AppManagers in Resources */ = {isa = PBXBuildFile; fileRef = ABB791202C6F3F70008DD8A1 /* AppManagers */; };
		ABC3C3142C6A523D00348870 /* Cart in Resources */ = {isa = PBXBuildFile; fileRef = ABC3C3132C6A523D00348870 /* Cart */; };
/* End PBXBuildFile section */

/* Begin PBXContainerItemProxy section */
		AB2873A32C4E94DA00BA9BCE /* PBXContainerItemProxy */ = {
			isa = PBXContainerItemProxy;
			containerPortal = AB2873812C4E94D900BA9BCE /* Project object */;
			proxyType = 1;
			remoteGlobalIDString = AB2873882C4E94D900BA9BCE;
			remoteInfo = ShoppingApp;
		};
		AB2873AD2C4E94DA00BA9BCE /* PBXContainerItemProxy */ = {
			isa = PBXContainerItemProxy;
			containerPortal = AB2873812C4E94D900BA9BCE /* Project object */;
			proxyType = 1;
			remoteGlobalIDString = AB2873882C4E94D900BA9BCE;
			remoteInfo = ShoppingApp;
		};
/* End PBXContainerItemProxy section */

/* Begin PBXFileReference section */
		AB2873892C4E94D900BA9BCE /* ShoppingApp.app */ = {isa = PBXFileReference; explicitFileType = wrapper.application; includeInIndex = 0; path = ShoppingApp.app; sourceTree = BUILT_PRODUCTS_DIR; };
		AB28738C2C4E94D900BA9BCE /* AppDelegate.swift */ = {isa = PBXFileReference; lastKnownFileType = sourcecode.swift; path = AppDelegate.swift; sourceTree = "<group>"; };
		AB28738E2C4E94D900BA9BCE /* SceneDelegate.swift */ = {isa = PBXFileReference; lastKnownFileType = sourcecode.swift; path = SceneDelegate.swift; sourceTree = "<group>"; };
		AB2873902C4E94D900BA9BCE /* ViewController.swift */ = {isa = PBXFileReference; lastKnownFileType = sourcecode.swift; path = ViewController.swift; sourceTree = "<group>"; };
		AB2873962C4E94D900BA9BCE /* ShoppingApp.xcdatamodel */ = {isa = PBXFileReference; lastKnownFileType = wrapper.xcdatamodel; path = ShoppingApp.xcdatamodel; sourceTree = "<group>"; };
		AB28739B2C4E94DA00BA9BCE /* Base */ = {isa = PBXFileReference; lastKnownFileType = file.storyboard; name = Base; path = Base.lproj/LaunchScreen.storyboard; sourceTree = "<group>"; };
		AB28739D2C4E94DA00BA9BCE /* Info.plist */ = {isa = PBXFileReference; lastKnownFileType = text.plist.xml; path = Info.plist; sourceTree = "<group>"; };
		AB2873A22C4E94DA00BA9BCE /* ShoppingAppTests.xctest */ = {isa = PBXFileReference; explicitFileType = wrapper.cfbundle; includeInIndex = 0; path = ShoppingAppTests.xctest; sourceTree = BUILT_PRODUCTS_DIR; };
		AB2873A62C4E94DA00BA9BCE /* ShoppingAppTests.swift */ = {isa = PBXFileReference; lastKnownFileType = sourcecode.swift; path = ShoppingAppTests.swift; sourceTree = "<group>"; };
		AB2873AC2C4E94DA00BA9BCE /* ShoppingAppUITests.xctest */ = {isa = PBXFileReference; explicitFileType = wrapper.cfbundle; includeInIndex = 0; path = ShoppingAppUITests.xctest; sourceTree = BUILT_PRODUCTS_DIR; };
		AB2873B02C4E94DA00BA9BCE /* ShoppingAppUITests.swift */ = {isa = PBXFileReference; lastKnownFileType = sourcecode.swift; path = ShoppingAppUITests.swift; sourceTree = "<group>"; };
		AB2873B22C4E94DA00BA9BCE /* ShoppingAppUITestsLaunchTests.swift */ = {isa = PBXFileReference; lastKnownFileType = sourcecode.swift; path = ShoppingAppUITestsLaunchTests.swift; sourceTree = "<group>"; };
		AB2873FA2C4EA79400BA9BCE /* GoogleService-Info.plist */ = {isa = PBXFileReference; fileEncoding = 4; lastKnownFileType = text.plist.xml; path = "GoogleService-Info.plist"; sourceTree = "<group>"; };
		AB4315B72C4FB3D900A7A855 /* AppResources */ = {isa = PBXFileReference; lastKnownFileType = wrapper; path = AppResources; sourceTree = "<group>"; };
		AB4315B92C4FB3E300A7A855 /* Base */ = {isa = PBXFileReference; lastKnownFileType = wrapper; path = Base; sourceTree = "<group>"; };
		AB4315BB2C4FB3EE00A7A855 /* Common */ = {isa = PBXFileReference; lastKnownFileType = wrapper; path = Common; sourceTree = "<group>"; };
		AB4315BD2C4FB3FE00A7A855 /* SignIn */ = {isa = PBXFileReference; lastKnownFileType = wrapper; path = SignIn; sourceTree = "<group>"; };
		AB4315C32C4FCFF800A7A855 /* en */ = {isa = PBXFileReference; lastKnownFileType = text.plist.strings; name = en; path = en.lproj/LaunchScreen.strings; sourceTree = "<group>"; };
		AB4D114B2C52728C0074CFCC /* Onboarding */ = {isa = PBXFileReference; lastKnownFileType = wrapper; path = Onboarding; sourceTree = "<group>"; };
		AB7399742C60B7C400D4B7E5 /* Categories */ = {isa = PBXFileReference; lastKnownFileType = wrapper; path = Categories; sourceTree = "<group>"; };
		AB7470E22C62082E002A69C3 /* ProductList */ = {isa = PBXFileReference; lastKnownFileType = wrapper; path = ProductList; sourceTree = "<group>"; };
		AB950A212C50DAA00045EEDC /* TabBar */ = {isa = PBXFileReference; lastKnownFileType = wrapper; path = TabBar; sourceTree = "<group>"; };
		ABA33F9D2C5B644600C519FB /* Network */ = {isa = PBXFileReference; lastKnownFileType = wrapper; path = Network; sourceTree = "<group>"; };
		ABA33FA52C5B70EB00C519FB /* UIApplication+Extensions.swift */ = {isa = PBXFileReference; lastKnownFileType = sourcecode.swift; path = "UIApplication+Extensions.swift"; sourceTree = "<group>"; };
		ABA33FA82C5B786200C519FB /* UIWindow+Extensions.swift */ = {isa = PBXFileReference; lastKnownFileType = sourcecode.swift; path = "UIWindow+Extensions.swift"; sourceTree = "<group>"; };
		ABA33FAA2C5BBB6300C519FB /* Home */ = {isa = PBXFileReference; lastKnownFileType = wrapper; path = Home; sourceTree = "<group>"; };
		ABA5629A2C5229A700C7B1A9 /* Splash */ = {isa = PBXFileReference; lastKnownFileType = wrapper; path = Splash; sourceTree = "<group>"; };
		ABAB518E2C73C6850087E60D /* Campaigns */ = {isa = PBXFileReference; lastKnownFileType = wrapper; path = Campaigns; sourceTree = "<group>"; };
		ABB791202C6F3F70008DD8A1 /* AppManagers */ = {isa = PBXFileReference; lastKnownFileType = wrapper; path = AppManagers; sourceTree = "<group>"; };
		ABC3C3132C6A523D00348870 /* Cart */ = {isa = PBXFileReference; lastKnownFileType = wrapper; path = Cart; sourceTree = "<group>"; };
/* End PBXFileReference section */

/* Begin PBXFrameworksBuildPhase section */
		AB2873862C4E94D900BA9BCE /* Frameworks */ = {
			isa = PBXFrameworksBuildPhase;
			buildActionMask = 2147483647;
			files = (
				AB43159E2C4FAE8A00A7A855 /* SignIn in Frameworks */,
				ABA33FA22C5B6BA000C519FB /* Base in Frameworks */,
				ABA5629D2C52348800C7B1A9 /* Splash in Frameworks */,
				AB4315C52C4FD0C000A7A855 /* Common in Frameworks */,
				AB950A242C50E7090045EEDC /* TabBar in Frameworks */,
				ABA33FA02C5B6A2300C519FB /* Network in Frameworks */,
			);
			runOnlyForDeploymentPostprocessing = 0;
		};
		AB28739F2C4E94DA00BA9BCE /* Frameworks */ = {
			isa = PBXFrameworksBuildPhase;
			buildActionMask = 2147483647;
			files = (
			);
			runOnlyForDeploymentPostprocessing = 0;
		};
		AB2873A92C4E94DA00BA9BCE /* Frameworks */ = {
			isa = PBXFrameworksBuildPhase;
			buildActionMask = 2147483647;
			files = (
			);
			runOnlyForDeploymentPostprocessing = 0;
		};
/* End PBXFrameworksBuildPhase section */

/* Begin PBXGroup section */
		AB2873802C4E94D900BA9BCE = {
			isa = PBXGroup;
			children = (
				AB2873ED2C4EA15F00BA9BCE /* Modules */,
				AB28738B2C4E94D900BA9BCE /* ShoppingApp */,
				AB2873A52C4E94DA00BA9BCE /* ShoppingAppTests */,
				AB2873AF2C4E94DA00BA9BCE /* ShoppingAppUITests */,
				AB28738A2C4E94D900BA9BCE /* Products */,
				AB2873F52C4EA3E800BA9BCE /* Frameworks */,
			);
			sourceTree = "<group>";
		};
		AB28738A2C4E94D900BA9BCE /* Products */ = {
			isa = PBXGroup;
			children = (
				AB2873892C4E94D900BA9BCE /* ShoppingApp.app */,
				AB2873A22C4E94DA00BA9BCE /* ShoppingAppTests.xctest */,
				AB2873AC2C4E94DA00BA9BCE /* ShoppingAppUITests.xctest */,
			);
			name = Products;
			sourceTree = "<group>";
		};
		AB28738B2C4E94D900BA9BCE /* ShoppingApp */ = {
			isa = PBXGroup;
			children = (
				ABA33FA72C5B784000C519FB /* Extensions */,
				AB28738C2C4E94D900BA9BCE /* AppDelegate.swift */,
				AB28738E2C4E94D900BA9BCE /* SceneDelegate.swift */,
				AB2873902C4E94D900BA9BCE /* ViewController.swift */,
				AB28739A2C4E94DA00BA9BCE /* LaunchScreen.storyboard */,
				AB28739D2C4E94DA00BA9BCE /* Info.plist */,
				AB2873FA2C4EA79400BA9BCE /* GoogleService-Info.plist */,
				AB2873952C4E94D900BA9BCE /* ShoppingApp.xcdatamodeld */,
			);
			path = ShoppingApp;
			sourceTree = "<group>";
		};
		AB2873A52C4E94DA00BA9BCE /* ShoppingAppTests */ = {
			isa = PBXGroup;
			children = (
				AB2873A62C4E94DA00BA9BCE /* ShoppingAppTests.swift */,
			);
			path = ShoppingAppTests;
			sourceTree = "<group>";
		};
		AB2873AF2C4E94DA00BA9BCE /* ShoppingAppUITests */ = {
			isa = PBXGroup;
			children = (
				AB2873B02C4E94DA00BA9BCE /* ShoppingAppUITests.swift */,
				AB2873B22C4E94DA00BA9BCE /* ShoppingAppUITestsLaunchTests.swift */,
			);
			path = ShoppingAppUITests;
			sourceTree = "<group>";
		};
		AB2873ED2C4EA15F00BA9BCE /* Modules */ = {
			isa = PBXGroup;
			children = (
				ABAB518E2C73C6850087E60D /* Campaigns */,
				ABB791202C6F3F70008DD8A1 /* AppManagers */,
				ABC3C3132C6A523D00348870 /* Cart */,
				AB7470E22C62082E002A69C3 /* ProductList */,
				AB7399742C60B7C400D4B7E5 /* Categories */,
				ABA33FAA2C5BBB6300C519FB /* Home */,
				ABA33F9D2C5B644600C519FB /* Network */,
				AB4D114B2C52728C0074CFCC /* Onboarding */,
				ABA5629A2C5229A700C7B1A9 /* Splash */,
				AB950A212C50DAA00045EEDC /* TabBar */,
				AB4315BD2C4FB3FE00A7A855 /* SignIn */,
				AB4315BB2C4FB3EE00A7A855 /* Common */,
				AB4315B92C4FB3E300A7A855 /* Base */,
				AB4315B72C4FB3D900A7A855 /* AppResources */,
			);
			path = Modules;
			sourceTree = "<group>";
		};
		AB2873F52C4EA3E800BA9BCE /* Frameworks */ = {
			isa = PBXGroup;
			children = (
			);
			name = Frameworks;
			sourceTree = "<group>";
		};
		ABA33FA72C5B784000C519FB /* Extensions */ = {
			isa = PBXGroup;
			children = (
				ABA33FA52C5B70EB00C519FB /* UIApplication+Extensions.swift */,
				ABA33FA82C5B786200C519FB /* UIWindow+Extensions.swift */,
			);
			path = Extensions;
			sourceTree = "<group>";
		};
/* End PBXGroup section */

/* Begin PBXNativeTarget section */
		AB2873882C4E94D900BA9BCE /* ShoppingApp */ = {
			isa = PBXNativeTarget;
			buildConfigurationList = AB2873B62C4E94DA00BA9BCE /* Build configuration list for PBXNativeTarget "ShoppingApp" */;
			buildPhases = (
				AB2873852C4E94D900BA9BCE /* Sources */,
				AB2873862C4E94D900BA9BCE /* Frameworks */,
				AB2873872C4E94D900BA9BCE /* Resources */,
			);
			buildRules = (
			);
			dependencies = (
			);
			name = ShoppingApp;
			packageProductDependencies = (
				AB43159D2C4FAE8A00A7A855 /* SignIn */,
				AB4315C42C4FD0C000A7A855 /* Common */,
				AB950A232C50E7090045EEDC /* TabBar */,
				ABA5629C2C52348800C7B1A9 /* Splash */,
				ABA33F9F2C5B6A2300C519FB /* Network */,
				ABA33FA12C5B6BA000C519FB /* Base */,
			);
			productName = ShoppingApp;
			productReference = AB2873892C4E94D900BA9BCE /* ShoppingApp.app */;
			productType = "com.apple.product-type.application";
		};
		AB2873A12C4E94DA00BA9BCE /* ShoppingAppTests */ = {
			isa = PBXNativeTarget;
			buildConfigurationList = AB2873B92C4E94DA00BA9BCE /* Build configuration list for PBXNativeTarget "ShoppingAppTests" */;
			buildPhases = (
				AB28739E2C4E94DA00BA9BCE /* Sources */,
				AB28739F2C4E94DA00BA9BCE /* Frameworks */,
				AB2873A02C4E94DA00BA9BCE /* Resources */,
			);
			buildRules = (
			);
			dependencies = (
				AB2873A42C4E94DA00BA9BCE /* PBXTargetDependency */,
			);
			name = ShoppingAppTests;
			productName = ShoppingAppTests;
			productReference = AB2873A22C4E94DA00BA9BCE /* ShoppingAppTests.xctest */;
			productType = "com.apple.product-type.bundle.unit-test";
		};
		AB2873AB2C4E94DA00BA9BCE /* ShoppingAppUITests */ = {
			isa = PBXNativeTarget;
			buildConfigurationList = AB2873BC2C4E94DA00BA9BCE /* Build configuration list for PBXNativeTarget "ShoppingAppUITests" */;
			buildPhases = (
				AB2873A82C4E94DA00BA9BCE /* Sources */,
				AB2873A92C4E94DA00BA9BCE /* Frameworks */,
				AB2873AA2C4E94DA00BA9BCE /* Resources */,
			);
			buildRules = (
			);
			dependencies = (
				AB2873AE2C4E94DA00BA9BCE /* PBXTargetDependency */,
			);
			name = ShoppingAppUITests;
			productName = ShoppingAppUITests;
			productReference = AB2873AC2C4E94DA00BA9BCE /* ShoppingAppUITests.xctest */;
			productType = "com.apple.product-type.bundle.ui-testing";
		};
/* End PBXNativeTarget section */

/* Begin PBXProject section */
		AB2873812C4E94D900BA9BCE /* Project object */ = {
			isa = PBXProject;
			attributes = {
				BuildIndependentTargetsInParallel = 1;
				LastSwiftUpdateCheck = 1530;
				LastUpgradeCheck = 1530;
				TargetAttributes = {
					AB2873882C4E94D900BA9BCE = {
						CreatedOnToolsVersion = 15.3;
					};
					AB2873A12C4E94DA00BA9BCE = {
						CreatedOnToolsVersion = 15.3;
						TestTargetID = AB2873882C4E94D900BA9BCE;
					};
					AB2873AB2C4E94DA00BA9BCE = {
						CreatedOnToolsVersion = 15.3;
						TestTargetID = AB2873882C4E94D900BA9BCE;
					};
				};
			};
			buildConfigurationList = AB2873842C4E94D900BA9BCE /* Build configuration list for PBXProject "ShoppingApp" */;
			compatibilityVersion = "Xcode 14.0";
			developmentRegion = en;
			hasScannedForEncodings = 0;
			knownRegions = (
				en,
				Base,
				tr,
			);
			mainGroup = AB2873802C4E94D900BA9BCE;
			productRefGroup = AB28738A2C4E94D900BA9BCE /* Products */;
			projectDirPath = "";
			projectRoot = "";
			targets = (
				AB2873882C4E94D900BA9BCE /* ShoppingApp */,
				AB2873A12C4E94DA00BA9BCE /* ShoppingAppTests */,
				AB2873AB2C4E94DA00BA9BCE /* ShoppingAppUITests */,
			);
		};
/* End PBXProject section */

/* Begin PBXResourcesBuildPhase section */
		AB2873872C4E94D900BA9BCE /* Resources */ = {
			isa = PBXResourcesBuildPhase;
			buildActionMask = 2147483647;
			files = (
				AB7399752C60B7C400D4B7E5 /* Categories in Resources */,
				AB4315BA2C4FB3E300A7A855 /* Base in Resources */,
				ABA5629B2C5229A700C7B1A9 /* Splash in Resources */,
				AB7470E32C62082E002A69C3 /* ProductList in Resources */,
				AB4D114C2C52728C0074CFCC /* Onboarding in Resources */,
				AB2873FB2C4EA79400BA9BCE /* GoogleService-Info.plist in Resources */,
				AB950A222C50DAA00045EEDC /* TabBar in Resources */,
				AB28739C2C4E94DA00BA9BCE /* Base in Resources */,
				ABC3C3142C6A523D00348870 /* Cart in Resources */,
				AB4315BC2C4FB3EE00A7A855 /* Common in Resources */,
				ABB791212C6F3F70008DD8A1 /* AppManagers in Resources */,
				AB4315B82C4FB3D900A7A855 /* AppResources in Resources */,
				ABAB518F2C73C6850087E60D /* Campaigns in Resources */,
				AB4315BE2C4FB3FE00A7A855 /* SignIn in Resources */,
				ABA33F9E2C5B644600C519FB /* Network in Resources */,
				ABA33FAB2C5BBB6300C519FB /* Home in Resources */,
			);
			runOnlyForDeploymentPostprocessing = 0;
		};
		AB2873A02C4E94DA00BA9BCE /* Resources */ = {
			isa = PBXResourcesBuildPhase;
			buildActionMask = 2147483647;
			files = (
			);
			runOnlyForDeploymentPostprocessing = 0;
		};
		AB2873AA2C4E94DA00BA9BCE /* Resources */ = {
			isa = PBXResourcesBuildPhase;
			buildActionMask = 2147483647;
			files = (
			);
			runOnlyForDeploymentPostprocessing = 0;
		};
/* End PBXResourcesBuildPhase section */

/* Begin PBXSourcesBuildPhase section */
		AB2873852C4E94D900BA9BCE /* Sources */ = {
			isa = PBXSourcesBuildPhase;
			buildActionMask = 2147483647;
			files = (
				ABA33FA62C5B70EB00C519FB /* UIApplication+Extensions.swift in Sources */,
				AB2873912C4E94D900BA9BCE /* ViewController.swift in Sources */,
				AB2873972C4E94D900BA9BCE /* ShoppingApp.xcdatamodeld in Sources */,
				ABA33FA92C5B786200C519FB /* UIWindow+Extensions.swift in Sources */,
				AB28738D2C4E94D900BA9BCE /* AppDelegate.swift in Sources */,
				AB28738F2C4E94D900BA9BCE /* SceneDelegate.swift in Sources */,
			);
			runOnlyForDeploymentPostprocessing = 0;
		};
		AB28739E2C4E94DA00BA9BCE /* Sources */ = {
			isa = PBXSourcesBuildPhase;
			buildActionMask = 2147483647;
			files = (
				AB2873A72C4E94DA00BA9BCE /* ShoppingAppTests.swift in Sources */,
			);
			runOnlyForDeploymentPostprocessing = 0;
		};
		AB2873A82C4E94DA00BA9BCE /* Sources */ = {
			isa = PBXSourcesBuildPhase;
			buildActionMask = 2147483647;
			files = (
				AB2873B32C4E94DA00BA9BCE /* ShoppingAppUITestsLaunchTests.swift in Sources */,
				AB2873B12C4E94DA00BA9BCE /* ShoppingAppUITests.swift in Sources */,
			);
			runOnlyForDeploymentPostprocessing = 0;
		};
/* End PBXSourcesBuildPhase section */

/* Begin PBXTargetDependency section */
		AB2873A42C4E94DA00BA9BCE /* PBXTargetDependency */ = {
			isa = PBXTargetDependency;
			target = AB2873882C4E94D900BA9BCE /* ShoppingApp */;
			targetProxy = AB2873A32C4E94DA00BA9BCE /* PBXContainerItemProxy */;
		};
		AB2873AE2C4E94DA00BA9BCE /* PBXTargetDependency */ = {
			isa = PBXTargetDependency;
			target = AB2873882C4E94D900BA9BCE /* ShoppingApp */;
			targetProxy = AB2873AD2C4E94DA00BA9BCE /* PBXContainerItemProxy */;
		};
/* End PBXTargetDependency section */

/* Begin PBXVariantGroup section */
		AB28739A2C4E94DA00BA9BCE /* LaunchScreen.storyboard */ = {
			isa = PBXVariantGroup;
			children = (
				AB28739B2C4E94DA00BA9BCE /* Base */,
				AB4315C32C4FCFF800A7A855 /* en */,
			);
			name = LaunchScreen.storyboard;
			sourceTree = "<group>";
		};
/* End PBXVariantGroup section */

/* Begin XCBuildConfiguration section */
		AB2873B42C4E94DA00BA9BCE /* Debug */ = {
			isa = XCBuildConfiguration;
			buildSettings = {
				ALWAYS_SEARCH_USER_PATHS = NO;
				ASSETCATALOG_COMPILER_GENERATE_SWIFT_ASSET_SYMBOL_EXTENSIONS = YES;
				CLANG_ANALYZER_LOCALIZABILITY_NONLOCALIZED = YES;
				CLANG_ANALYZER_NONNULL = YES;
				CLANG_ANALYZER_NUMBER_OBJECT_CONVERSION = YES_AGGRESSIVE;
				CLANG_CXX_LANGUAGE_STANDARD = "gnu++20";
				CLANG_ENABLE_MODULES = YES;
				CLANG_ENABLE_OBJC_ARC = YES;
				CLANG_ENABLE_OBJC_WEAK = YES;
				CLANG_WARN_BLOCK_CAPTURE_AUTORELEASING = YES;
				CLANG_WARN_BOOL_CONVERSION = YES;
				CLANG_WARN_COMMA = YES;
				CLANG_WARN_CONSTANT_CONVERSION = YES;
				CLANG_WARN_DEPRECATED_OBJC_IMPLEMENTATIONS = YES;
				CLANG_WARN_DIRECT_OBJC_ISA_USAGE = YES_ERROR;
				CLANG_WARN_DOCUMENTATION_COMMENTS = YES;
				CLANG_WARN_EMPTY_BODY = YES;
				CLANG_WARN_ENUM_CONVERSION = YES;
				CLANG_WARN_INFINITE_RECURSION = YES;
				CLANG_WARN_INT_CONVERSION = YES;
				CLANG_WARN_NON_LITERAL_NULL_CONVERSION = YES;
				CLANG_WARN_OBJC_IMPLICIT_RETAIN_SELF = YES;
				CLANG_WARN_OBJC_LITERAL_CONVERSION = YES;
				CLANG_WARN_OBJC_ROOT_CLASS = YES_ERROR;
				CLANG_WARN_QUOTED_INCLUDE_IN_FRAMEWORK_HEADER = YES;
				CLANG_WARN_RANGE_LOOP_ANALYSIS = YES;
				CLANG_WARN_STRICT_PROTOTYPES = YES;
				CLANG_WARN_SUSPICIOUS_MOVE = YES;
				CLANG_WARN_UNGUARDED_AVAILABILITY = YES_AGGRESSIVE;
				CLANG_WARN_UNREACHABLE_CODE = YES;
				CLANG_WARN__DUPLICATE_METHOD_MATCH = YES;
				COPY_PHASE_STRIP = NO;
				DEBUG_INFORMATION_FORMAT = dwarf;
				ENABLE_STRICT_OBJC_MSGSEND = YES;
				ENABLE_TESTABILITY = YES;
				ENABLE_USER_SCRIPT_SANDBOXING = YES;
				GCC_C_LANGUAGE_STANDARD = gnu17;
				GCC_DYNAMIC_NO_PIC = NO;
				GCC_NO_COMMON_BLOCKS = YES;
				GCC_OPTIMIZATION_LEVEL = 0;
				GCC_PREPROCESSOR_DEFINITIONS = (
					"DEBUG=1",
					"$(inherited)",
				);
				GCC_WARN_64_TO_32_BIT_CONVERSION = YES;
				GCC_WARN_ABOUT_RETURN_TYPE = YES_ERROR;
				GCC_WARN_UNDECLARED_SELECTOR = YES;
				GCC_WARN_UNINITIALIZED_AUTOS = YES_AGGRESSIVE;
				GCC_WARN_UNUSED_FUNCTION = YES;
				GCC_WARN_UNUSED_VARIABLE = YES;
				IPHONEOS_DEPLOYMENT_TARGET = 17.4;
				LOCALIZATION_PREFERS_STRING_CATALOGS = YES;
				MTL_ENABLE_DEBUG_INFO = INCLUDE_SOURCE;
				MTL_FAST_MATH = YES;
				ONLY_ACTIVE_ARCH = YES;
				SDKROOT = iphoneos;
				SWIFT_ACTIVE_COMPILATION_CONDITIONS = "DEBUG $(inherited)";
				SWIFT_OPTIMIZATION_LEVEL = "-Onone";
			};
			name = Debug;
		};
		AB2873B52C4E94DA00BA9BCE /* Release */ = {
			isa = XCBuildConfiguration;
			buildSettings = {
				ALWAYS_SEARCH_USER_PATHS = NO;
				ASSETCATALOG_COMPILER_GENERATE_SWIFT_ASSET_SYMBOL_EXTENSIONS = YES;
				CLANG_ANALYZER_LOCALIZABILITY_NONLOCALIZED = YES;
				CLANG_ANALYZER_NONNULL = YES;
				CLANG_ANALYZER_NUMBER_OBJECT_CONVERSION = YES_AGGRESSIVE;
				CLANG_CXX_LANGUAGE_STANDARD = "gnu++20";
				CLANG_ENABLE_MODULES = YES;
				CLANG_ENABLE_OBJC_ARC = YES;
				CLANG_ENABLE_OBJC_WEAK = YES;
				CLANG_WARN_BLOCK_CAPTURE_AUTORELEASING = YES;
				CLANG_WARN_BOOL_CONVERSION = YES;
				CLANG_WARN_COMMA = YES;
				CLANG_WARN_CONSTANT_CONVERSION = YES;
				CLANG_WARN_DEPRECATED_OBJC_IMPLEMENTATIONS = YES;
				CLANG_WARN_DIRECT_OBJC_ISA_USAGE = YES_ERROR;
				CLANG_WARN_DOCUMENTATION_COMMENTS = YES;
				CLANG_WARN_EMPTY_BODY = YES;
				CLANG_WARN_ENUM_CONVERSION = YES;
				CLANG_WARN_INFINITE_RECURSION = YES;
				CLANG_WARN_INT_CONVERSION = YES;
				CLANG_WARN_NON_LITERAL_NULL_CONVERSION = YES;
				CLANG_WARN_OBJC_IMPLICIT_RETAIN_SELF = YES;
				CLANG_WARN_OBJC_LITERAL_CONVERSION = YES;
				CLANG_WARN_OBJC_ROOT_CLASS = YES_ERROR;
				CLANG_WARN_QUOTED_INCLUDE_IN_FRAMEWORK_HEADER = YES;
				CLANG_WARN_RANGE_LOOP_ANALYSIS = YES;
				CLANG_WARN_STRICT_PROTOTYPES = YES;
				CLANG_WARN_SUSPICIOUS_MOVE = YES;
				CLANG_WARN_UNGUARDED_AVAILABILITY = YES_AGGRESSIVE;
				CLANG_WARN_UNREACHABLE_CODE = YES;
				CLANG_WARN__DUPLICATE_METHOD_MATCH = YES;
				COPY_PHASE_STRIP = NO;
				DEBUG_INFORMATION_FORMAT = "dwarf-with-dsym";
				ENABLE_NS_ASSERTIONS = NO;
				ENABLE_STRICT_OBJC_MSGSEND = YES;
				ENABLE_USER_SCRIPT_SANDBOXING = YES;
				GCC_C_LANGUAGE_STANDARD = gnu17;
				GCC_NO_COMMON_BLOCKS = YES;
				GCC_WARN_64_TO_32_BIT_CONVERSION = YES;
				GCC_WARN_ABOUT_RETURN_TYPE = YES_ERROR;
				GCC_WARN_UNDECLARED_SELECTOR = YES;
				GCC_WARN_UNINITIALIZED_AUTOS = YES_AGGRESSIVE;
				GCC_WARN_UNUSED_FUNCTION = YES;
				GCC_WARN_UNUSED_VARIABLE = YES;
				IPHONEOS_DEPLOYMENT_TARGET = 17.4;
				LOCALIZATION_PREFERS_STRING_CATALOGS = YES;
				MTL_ENABLE_DEBUG_INFO = NO;
				MTL_FAST_MATH = YES;
				SDKROOT = iphoneos;
				SWIFT_COMPILATION_MODE = wholemodule;
				VALIDATE_PRODUCT = YES;
			};
			name = Release;
		};
		AB2873B72C4E94DA00BA9BCE /* Debug */ = {
			isa = XCBuildConfiguration;
			buildSettings = {
				ASSETCATALOG_COMPILER_APPICON_NAME = AppIcon;
				ASSETCATALOG_COMPILER_GLOBAL_ACCENT_COLOR_NAME = AccentColor;
				CODE_SIGN_STYLE = Automatic;
				CURRENT_PROJECT_VERSION = 1;
				DEVELOPMENT_TEAM = 77YXHSUR5V;
				GENERATE_INFOPLIST_FILE = YES;
				INFOPLIST_FILE = ShoppingApp/Info.plist;
				INFOPLIST_KEY_UIApplicationSupportsIndirectInputEvents = YES;
				INFOPLIST_KEY_UILaunchStoryboardName = LaunchScreen;
				INFOPLIST_KEY_UIMainStoryboardFile = "";
				INFOPLIST_KEY_UISupportedInterfaceOrientations_iPad = "UIInterfaceOrientationPortrait UIInterfaceOrientationPortraitUpsideDown UIInterfaceOrientationLandscapeLeft UIInterfaceOrientationLandscapeRight";
				INFOPLIST_KEY_UISupportedInterfaceOrientations_iPhone = "UIInterfaceOrientationPortrait UIInterfaceOrientationLandscapeLeft UIInterfaceOrientationLandscapeRight";
				LD_RUNPATH_SEARCH_PATHS = (
					"$(inherited)",
					"@executable_path/Frameworks",
				);
				MARKETING_VERSION = 1.0;
				PRODUCT_BUNDLE_IDENTIFIER = com.esgdev.LetsShopping;
				PRODUCT_NAME = "$(TARGET_NAME)";
				SWIFT_EMIT_LOC_STRINGS = YES;
				SWIFT_VERSION = 5.0;
				TARGETED_DEVICE_FAMILY = "1,2";
			};
			name = Debug;
		};
		AB2873B82C4E94DA00BA9BCE /* Release */ = {
			isa = XCBuildConfiguration;
			buildSettings = {
				ASSETCATALOG_COMPILER_APPICON_NAME = AppIcon;
				ASSETCATALOG_COMPILER_GLOBAL_ACCENT_COLOR_NAME = AccentColor;
				CODE_SIGN_STYLE = Automatic;
				CURRENT_PROJECT_VERSION = 1;
				DEVELOPMENT_TEAM = 77YXHSUR5V;
				GENERATE_INFOPLIST_FILE = YES;
				INFOPLIST_FILE = ShoppingApp/Info.plist;
				INFOPLIST_KEY_UIApplicationSupportsIndirectInputEvents = YES;
				INFOPLIST_KEY_UILaunchStoryboardName = LaunchScreen;
				INFOPLIST_KEY_UIMainStoryboardFile = "";
				INFOPLIST_KEY_UISupportedInterfaceOrientations_iPad = "UIInterfaceOrientationPortrait UIInterfaceOrientationPortraitUpsideDown UIInterfaceOrientationLandscapeLeft UIInterfaceOrientationLandscapeRight";
				INFOPLIST_KEY_UISupportedInterfaceOrientations_iPhone = "UIInterfaceOrientationPortrait UIInterfaceOrientationLandscapeLeft UIInterfaceOrientationLandscapeRight";
				LD_RUNPATH_SEARCH_PATHS = (
					"$(inherited)",
					"@executable_path/Frameworks",
				);
				MARKETING_VERSION = 1.0;
				PRODUCT_BUNDLE_IDENTIFIER = com.esgdev.LetsShopping;
				PRODUCT_NAME = "$(TARGET_NAME)";
				SWIFT_EMIT_LOC_STRINGS = YES;
				SWIFT_VERSION = 5.0;
				TARGETED_DEVICE_FAMILY = "1,2";
			};
			name = Release;
		};
		AB2873BA2C4E94DA00BA9BCE /* Debug */ = {
			isa = XCBuildConfiguration;
			buildSettings = {
				ALWAYS_EMBED_SWIFT_STANDARD_LIBRARIES = YES;
				BUNDLE_LOADER = "$(TEST_HOST)";
				CODE_SIGN_STYLE = Automatic;
				CURRENT_PROJECT_VERSION = 1;
				DEVELOPMENT_TEAM = 77YXHSUR5V;
				GENERATE_INFOPLIST_FILE = YES;
				IPHONEOS_DEPLOYMENT_TARGET = 17.4;
				MARKETING_VERSION = 1.0;
				PRODUCT_BUNDLE_IDENTIFIER = com.esgdev.ShoppingAppTests;
				PRODUCT_NAME = "$(TARGET_NAME)";
				SWIFT_EMIT_LOC_STRINGS = NO;
				SWIFT_VERSION = 5.0;
				TARGETED_DEVICE_FAMILY = "1,2";
				TEST_HOST = "$(BUILT_PRODUCTS_DIR)/ShoppingApp.app/$(BUNDLE_EXECUTABLE_FOLDER_PATH)/ShoppingApp";
			};
			name = Debug;
		};
		AB2873BB2C4E94DA00BA9BCE /* Release */ = {
			isa = XCBuildConfiguration;
			buildSettings = {
				ALWAYS_EMBED_SWIFT_STANDARD_LIBRARIES = YES;
				BUNDLE_LOADER = "$(TEST_HOST)";
				CODE_SIGN_STYLE = Automatic;
				CURRENT_PROJECT_VERSION = 1;
				DEVELOPMENT_TEAM = 77YXHSUR5V;
				GENERATE_INFOPLIST_FILE = YES;
				IPHONEOS_DEPLOYMENT_TARGET = 17.4;
				MARKETING_VERSION = 1.0;
				PRODUCT_BUNDLE_IDENTIFIER = com.esgdev.ShoppingAppTests;
				PRODUCT_NAME = "$(TARGET_NAME)";
				SWIFT_EMIT_LOC_STRINGS = NO;
				SWIFT_VERSION = 5.0;
				TARGETED_DEVICE_FAMILY = "1,2";
				TEST_HOST = "$(BUILT_PRODUCTS_DIR)/ShoppingApp.app/$(BUNDLE_EXECUTABLE_FOLDER_PATH)/ShoppingApp";
			};
			name = Release;
		};
		AB2873BD2C4E94DA00BA9BCE /* Debug */ = {
			isa = XCBuildConfiguration;
			buildSettings = {
				ALWAYS_EMBED_SWIFT_STANDARD_LIBRARIES = YES;
				CODE_SIGN_STYLE = Automatic;
				CURRENT_PROJECT_VERSION = 1;
				DEVELOPMENT_TEAM = 77YXHSUR5V;
				GENERATE_INFOPLIST_FILE = YES;
				MARKETING_VERSION = 1.0;
				PRODUCT_BUNDLE_IDENTIFIER = com.esgdev.ShoppingAppUITests;
				PRODUCT_NAME = "$(TARGET_NAME)";
				SWIFT_EMIT_LOC_STRINGS = NO;
				SWIFT_VERSION = 5.0;
				TARGETED_DEVICE_FAMILY = "1,2";
				TEST_TARGET_NAME = ShoppingApp;
			};
			name = Debug;
		};
		AB2873BE2C4E94DA00BA9BCE /* Release */ = {
			isa = XCBuildConfiguration;
			buildSettings = {
				ALWAYS_EMBED_SWIFT_STANDARD_LIBRARIES = YES;
				CODE_SIGN_STYLE = Automatic;
				CURRENT_PROJECT_VERSION = 1;
				DEVELOPMENT_TEAM = 77YXHSUR5V;
				GENERATE_INFOPLIST_FILE = YES;
				MARKETING_VERSION = 1.0;
				PRODUCT_BUNDLE_IDENTIFIER = com.esgdev.ShoppingAppUITests;
				PRODUCT_NAME = "$(TARGET_NAME)";
				SWIFT_EMIT_LOC_STRINGS = NO;
				SWIFT_VERSION = 5.0;
				TARGETED_DEVICE_FAMILY = "1,2";
				TEST_TARGET_NAME = ShoppingApp;
			};
			name = Release;
		};
/* End XCBuildConfiguration section */

/* Begin XCConfigurationList section */
		AB2873842C4E94D900BA9BCE /* Build configuration list for PBXProject "ShoppingApp" */ = {
			isa = XCConfigurationList;
			buildConfigurations = (
				AB2873B42C4E94DA00BA9BCE /* Debug */,
				AB2873B52C4E94DA00BA9BCE /* Release */,
			);
			defaultConfigurationIsVisible = 0;
			defaultConfigurationName = Release;
		};
		AB2873B62C4E94DA00BA9BCE /* Build configuration list for PBXNativeTarget "ShoppingApp" */ = {
			isa = XCConfigurationList;
			buildConfigurations = (
				AB2873B72C4E94DA00BA9BCE /* Debug */,
				AB2873B82C4E94DA00BA9BCE /* Release */,
			);
			defaultConfigurationIsVisible = 0;
			defaultConfigurationName = Release;
		};
		AB2873B92C4E94DA00BA9BCE /* Build configuration list for PBXNativeTarget "ShoppingAppTests" */ = {
			isa = XCConfigurationList;
			buildConfigurations = (
				AB2873BA2C4E94DA00BA9BCE /* Debug */,
				AB2873BB2C4E94DA00BA9BCE /* Release */,
			);
			defaultConfigurationIsVisible = 0;
			defaultConfigurationName = Release;
		};
		AB2873BC2C4E94DA00BA9BCE /* Build configuration list for PBXNativeTarget "ShoppingAppUITests" */ = {
			isa = XCConfigurationList;
			buildConfigurations = (
				AB2873BD2C4E94DA00BA9BCE /* Debug */,
				AB2873BE2C4E94DA00BA9BCE /* Release */,
			);
			defaultConfigurationIsVisible = 0;
			defaultConfigurationName = Release;
		};
/* End XCConfigurationList section */

/* Begin XCSwiftPackageProductDependency section */
		AB43159D2C4FAE8A00A7A855 /* SignIn */ = {
			isa = XCSwiftPackageProductDependency;
			productName = SignIn;
		};
		AB4315C42C4FD0C000A7A855 /* Common */ = {
			isa = XCSwiftPackageProductDependency;
			productName = Common;
		};
		AB950A232C50E7090045EEDC /* TabBar */ = {
			isa = XCSwiftPackageProductDependency;
			productName = TabBar;
		};
		ABA33F9F2C5B6A2300C519FB /* Network */ = {
			isa = XCSwiftPackageProductDependency;
			productName = Network;
		};
		ABA33FA12C5B6BA000C519FB /* Base */ = {
			isa = XCSwiftPackageProductDependency;
			productName = Base;
		};
		ABA5629C2C52348800C7B1A9 /* Splash */ = {
			isa = XCSwiftPackageProductDependency;
			productName = Splash;
		};
/* End XCSwiftPackageProductDependency section */

/* Begin XCVersionGroup section */
		AB2873952C4E94D900BA9BCE /* ShoppingApp.xcdatamodeld */ = {
			isa = XCVersionGroup;
			children = (
				AB2873962C4E94D900BA9BCE /* ShoppingApp.xcdatamodel */,
			);
			currentVersion = AB2873962C4E94D900BA9BCE /* ShoppingApp.xcdatamodel */;
			path = ShoppingApp.xcdatamodeld;
			sourceTree = "<group>";
			versionGroupType = wrapper.xcdatamodel;
		};
/* End XCVersionGroup section */
	};
	rootObject = AB2873812C4E94D900BA9BCE /* Project object */;
}
